// !$*UTF8*$!
{
	archiveVersion = 1;
	classes = {
	};
	objectVersion = 56;
	objects = {

/* Begin PBXBuildFile section */
		82DB5DDD2941C143003D5C5E /* moveOnApp.swift in Sources */ = {isa = PBXBuildFile; fileRef = 82DB5DDC2941C143003D5C5E /* moveOnApp.swift */; };
		82DB5DE12941C144003D5C5E /* Assets.xcassets in Resources */ = {isa = PBXBuildFile; fileRef = 82DB5DE02941C144003D5C5E /* Assets.xcassets */; };
		82DB5DE42941C144003D5C5E /* Preview Assets.xcassets in Resources */ = {isa = PBXBuildFile; fileRef = 82DB5DE32941C144003D5C5E /* Preview Assets.xcassets */; };
		82DB5DF42941D343003D5C5E /* Sign in.swift in Sources */ = {isa = PBXBuildFile; fileRef = 82DB5DF32941D343003D5C5E /* Sign in.swift */; };
		82DB5DF82941D3BC003D5C5E /* Sign up .swift in Sources */ = {isa = PBXBuildFile; fileRef = 82DB5DF72941D3BC003D5C5E /* Sign up .swift */; };
		82DB5DFB2941D5C2003D5C5E /* Community.swift in Sources */ = {isa = PBXBuildFile; fileRef = 82DB5DFA2941D5C2003D5C5E /* Community.swift */; };
		82DB5DFE2941D5DC003D5C5E /* Account.swift in Sources */ = {isa = PBXBuildFile; fileRef = 82DB5DFD2941D5DC003D5C5E /* Account.swift */; };
		82DB5E002941D60B003D5C5E /* Edit account .swift in Sources */ = {isa = PBXBuildFile; fileRef = 82DB5DFF2941D60B003D5C5E /* Edit account .swift */; };
		82DB5E022941D61B003D5C5E /* Path.swift in Sources */ = {isa = PBXBuildFile; fileRef = 82DB5E012941D61B003D5C5E /* Path.swift */; };
		82DB5E042941D626003D5C5E /* Badge.swift in Sources */ = {isa = PBXBuildFile; fileRef = 82DB5E032941D626003D5C5E /* Badge.swift */; };
		82DB5E062941D6A5003D5C5E /* HomeView.swift in Sources */ = {isa = PBXBuildFile; fileRef = 82DB5E052941D6A5003D5C5E /* HomeView.swift */; };
		82DB5E092941D8FB003D5C5E /* SplashScreen.swift in Sources */ = {isa = PBXBuildFile; fileRef = 82DB5E082941D8FB003D5C5E /* SplashScreen.swift */; };
/* End PBXBuildFile section */

/* Begin PBXFileReference section */
		82DB5DD92941C143003D5C5E /* moveOn.app */ = {isa = PBXFileReference; explicitFileType = wrapper.application; includeInIndex = 0; path = moveOn.app; sourceTree = BUILT_PRODUCTS_DIR; };
		82DB5DDC2941C143003D5C5E /* moveOnApp.swift */ = {isa = PBXFileReference; lastKnownFileType = sourcecode.swift; path = moveOnApp.swift; sourceTree = "<group>"; };
		82DB5DE02941C144003D5C5E /* Assets.xcassets */ = {isa = PBXFileReference; lastKnownFileType = folder.assetcatalog; path = Assets.xcassets; sourceTree = "<group>"; };
		82DB5DE32941C144003D5C5E /* Preview Assets.xcassets */ = {isa = PBXFileReference; lastKnownFileType = folder.assetcatalog; path = "Preview Assets.xcassets"; sourceTree = "<group>"; };
		82DB5DF32941D343003D5C5E /* Sign in.swift */ = {isa = PBXFileReference; lastKnownFileType = sourcecode.swift; path = "Sign in.swift"; sourceTree = "<group>"; };
		82DB5DF72941D3BC003D5C5E /* Sign up .swift */ = {isa = PBXFileReference; lastKnownFileType = sourcecode.swift; path = "Sign up .swift"; sourceTree = "<group>"; };
		82DB5DFA2941D5C2003D5C5E /* Community.swift */ = {isa = PBXFileReference; lastKnownFileType = sourcecode.swift; path = Community.swift; sourceTree = "<group>"; };
		82DB5DFD2941D5DC003D5C5E /* Account.swift */ = {isa = PBXFileReference; lastKnownFileType = sourcecode.swift; path = Account.swift; sourceTree = "<group>"; };
		82DB5DFF2941D60B003D5C5E /* Edit account .swift */ = {isa = PBXFileReference; lastKnownFileType = sourcecode.swift; path = "Edit account .swift"; sourceTree = "<group>"; };
		82DB5E012941D61B003D5C5E /* Path.swift */ = {isa = PBXFileReference; lastKnownFileType = sourcecode.swift; path = Path.swift; sourceTree = "<group>"; };
		82DB5E032941D626003D5C5E /* Badge.swift */ = {isa = PBXFileReference; lastKnownFileType = sourcecode.swift; path = Badge.swift; sourceTree = "<group>"; };
		82DB5E052941D6A5003D5C5E /* HomeView.swift */ = {isa = PBXFileReference; lastKnownFileType = sourcecode.swift; path = HomeView.swift; sourceTree = "<group>"; };
		82DB5E082941D8FB003D5C5E /* SplashScreen.swift */ = {isa = PBXFileReference; lastKnownFileType = sourcecode.swift; path = SplashScreen.swift; sourceTree = "<group>"; };
/* End PBXFileReference section */

/* Begin PBXFrameworksBuildPhase section */
		82DB5DD62941C143003D5C5E /* Frameworks */ = {
			isa = PBXFrameworksBuildPhase;
			buildActionMask = 2147483647;
			files = (
			);
			runOnlyForDeploymentPostprocessing = 0;
		};
/* End PBXFrameworksBuildPhase section */

/* Begin PBXGroup section */
		82DB5DD02941C143003D5C5E = {
			isa = PBXGroup;
			children = (
				82DB5DDB2941C143003D5C5E /* moveOn */,
				82DB5DDA2941C143003D5C5E /* Products */,
			);
			sourceTree = "<group>";
		};
		82DB5DDA2941C143003D5C5E /* Products */ = {
			isa = PBXGroup;
			children = (
				82DB5DD92941C143003D5C5E /* moveOn.app */,
			);
			name = Products;
			sourceTree = "<group>";
		};
		82DB5DDB2941C143003D5C5E /* moveOn */ = {
			isa = PBXGroup;
			children = (
				82DB5E072941D896003D5C5E /* View */,
				82DB5DE02941C144003D5C5E /* Assets.xcassets */,
				82DB5DE22941C144003D5C5E /* Preview Content */,
			);
			path = moveOn;
			sourceTree = "<group>";
		};
		82DB5DE22941C144003D5C5E /* Preview Content */ = {
			isa = PBXGroup;
			children = (
				82DB5DE32941C144003D5C5E /* Preview Assets.xcassets */,
			);
			path = "Preview Content";
			sourceTree = "<group>";
		};
		82DB5DF62941D39A003D5C5E /* Login */ = {
			isa = PBXGroup;
			children = (
				82DB5DF32941D343003D5C5E /* Sign in.swift */,
				82DB5DF72941D3BC003D5C5E /* Sign up .swift */,
			);
			path = Login;
			sourceTree = "<group>";
		};
		82DB5DF92941D58A003D5C5E /* Home */ = {
			isa = PBXGroup;
			children = (
				82DB5DDC2941C143003D5C5E /* moveOnApp.swift */,
				82DB5E082941D8FB003D5C5E /* SplashScreen.swift */,
				82DB5E052941D6A5003D5C5E /* HomeView.swift */,
				82DB5DFA2941D5C2003D5C5E /* Community.swift */,
			);
			path = Home;
			sourceTree = "<group>";
		};
		82DB5DFC2941D5CA003D5C5E /* Profile */ = {
			isa = PBXGroup;
			children = (
				82DB5DFD2941D5DC003D5C5E /* Account.swift */,
				82DB5DFF2941D60B003D5C5E /* Edit account .swift */,
				82DB5E012941D61B003D5C5E /* Path.swift */,
				82DB5E032941D626003D5C5E /* Badge.swift */,
			);
			path = Profile;
			sourceTree = "<group>";
		};
		82DB5E072941D896003D5C5E /* View */ = {
			isa = PBXGroup;
			children = (
				82DB5DF92941D58A003D5C5E /* Home */,
				82DB5DFC2941D5CA003D5C5E /* Profile */,
				82DB5DF62941D39A003D5C5E /* Login */,
			);
			path = View;
			sourceTree = "<group>";
		};
/* End PBXGroup section */

/* Begin PBXNativeTarget section */
		82DB5DD82941C143003D5C5E /* moveOn */ = {
			isa = PBXNativeTarget;
			buildConfigurationList = 82DB5DE72941C144003D5C5E /* Build configuration list for PBXNativeTarget "moveOn" */;
			buildPhases = (
				82DB5DD52941C143003D5C5E /* Sources */,
				82DB5DD62941C143003D5C5E /* Frameworks */,
				82DB5DD72941C143003D5C5E /* Resources */,
			);
			buildRules = (
			);
			dependencies = (
			);
			name = moveOn;
			productName = moveOn;
			productReference = 82DB5DD92941C143003D5C5E /* moveOn.app */;
			productType = "com.apple.product-type.application";
		};
/* End PBXNativeTarget section */

/* Begin PBXProject section */
		82DB5DD12941C143003D5C5E /* Project object */ = {
			isa = PBXProject;
			attributes = {
				BuildIndependentTargetsInParallel = 1;
				LastSwiftUpdateCheck = 1400;
				LastUpgradeCheck = 1400;
				TargetAttributes = {
					82DB5DD82941C143003D5C5E = {
						CreatedOnToolsVersion = 14.0.1;
					};
				};
			};
			buildConfigurationList = 82DB5DD42941C143003D5C5E /* Build configuration list for PBXProject "moveOn" */;
			compatibilityVersion = "Xcode 14.0";
			developmentRegion = en;
			hasScannedForEncodings = 0;
			knownRegions = (
				en,
				Base,
			);
			mainGroup = 82DB5DD02941C143003D5C5E;
			productRefGroup = 82DB5DDA2941C143003D5C5E /* Products */;
			projectDirPath = "";
			projectRoot = "";
			targets = (
				82DB5DD82941C143003D5C5E /* moveOn */,
			);
		};
/* End PBXProject section */

/* Begin PBXResourcesBuildPhase section */
		82DB5DD72941C143003D5C5E /* Resources */ = {
			isa = PBXResourcesBuildPhase;
			buildActionMask = 2147483647;
			files = (
				82DB5DE42941C144003D5C5E /* Preview Assets.xcassets in Resources */,
				82DB5DE12941C144003D5C5E /* Assets.xcassets in Resources */,
			);
			runOnlyForDeploymentPostprocessing = 0;
		};
/* End PBXResourcesBuildPhase section */

/* Begin PBXSourcesBuildPhase section */
		82DB5DD52941C143003D5C5E /* Sources */ = {
			isa = PBXSourcesBuildPhase;
			buildActionMask = 2147483647;
			files = (
				82DB5DFB2941D5C2003D5C5E /* Community.swift in Sources */,
				82DB5DF42941D343003D5C5E /* Sign in.swift in Sources */,
				82DB5E022941D61B003D5C5E /* Path.swift in Sources */,
				82DB5E062941D6A5003D5C5E /* HomeView.swift in Sources */,
				82DB5DDD2941C143003D5C5E /* moveOnApp.swift in Sources */,
				82DB5E092941D8FB003D5C5E /* SplashScreen.swift in Sources */,
				82DB5E002941D60B003D5C5E /* Edit account .swift in Sources */,
				82DB5DF82941D3BC003D5C5E /* Sign up .swift in Sources */,
				82DB5E042941D626003D5C5E /* Badge.swift in Sources */,
				82DB5DFE2941D5DC003D5C5E /* Account.swift in Sources */,
			);
			runOnlyForDeploymentPostprocessing = 0;
		};
/* End PBXSourcesBuildPhase section */

/* Begin XCBuildConfiguration section */
		82DB5DE52941C144003D5C5E /* Debug */ = {
			isa = XCBuildConfiguration;
			buildSettings = {
				ALWAYS_SEARCH_USER_PATHS = NO;
				CLANG_ANALYZER_NONNULL = YES;
				CLANG_ANALYZER_NUMBER_OBJECT_CONVERSION = YES_AGGRESSIVE;
				CLANG_CXX_LANGUAGE_STANDARD = "gnu++20";
				CLANG_ENABLE_MODULES = YES;
				CLANG_ENABLE_OBJC_ARC = YES;
				CLANG_ENABLE_OBJC_WEAK = YES;
				CLANG_WARN_BLOCK_CAPTURE_AUTORELEASING = YES;
				CLANG_WARN_BOOL_CONVERSION = YES;
				CLANG_WARN_COMMA = YES;
				CLANG_WARN_CONSTANT_CONVERSION = YES;
				CLANG_WARN_DEPRECATED_OBJC_IMPLEMENTATIONS = YES;
				CLANG_WARN_DIRECT_OBJC_ISA_USAGE = YES_ERROR;
				CLANG_WARN_DOCUMENTATION_COMMENTS = YES;
				CLANG_WARN_EMPTY_BODY = YES;
				CLANG_WARN_ENUM_CONVERSION = YES;
				CLANG_WARN_INFINITE_RECURSION = YES;
				CLANG_WARN_INT_CONVERSION = YES;
				CLANG_WARN_NON_LITERAL_NULL_CONVERSION = YES;
				CLANG_WARN_OBJC_IMPLICIT_RETAIN_SELF = YES;
				CLANG_WARN_OBJC_LITERAL_CONVERSION = YES;
				CLANG_WARN_OBJC_ROOT_CLASS = YES_ERROR;
				CLANG_WARN_QUOTED_INCLUDE_IN_FRAMEWORK_HEADER = YES;
				CLANG_WARN_RANGE_LOOP_ANALYSIS = YES;
				CLANG_WARN_STRICT_PROTOTYPES = YES;
				CLANG_WARN_SUSPICIOUS_MOVE = YES;
				CLANG_WARN_UNGUARDED_AVAILABILITY = YES_AGGRESSIVE;
				CLANG_WARN_UNREACHABLE_CODE = YES;
				CLANG_WARN__DUPLICATE_METHOD_MATCH = YES;
				COPY_PHASE_STRIP = NO;
				DEBUG_INFORMATION_FORMAT = dwarf;
				ENABLE_STRICT_OBJC_MSGSEND = YES;
				ENABLE_TESTABILITY = YES;
				GCC_C_LANGUAGE_STANDARD = gnu11;
				GCC_DYNAMIC_NO_PIC = NO;
				GCC_NO_COMMON_BLOCKS = YES;
				GCC_OPTIMIZATION_LEVEL = 0;
				GCC_PREPROCESSOR_DEFINITIONS = (
					"DEBUG=1",
					"$(inherited)",
				);
				GCC_WARN_64_TO_32_BIT_CONVERSION = YES;
				GCC_WARN_ABOUT_RETURN_TYPE = YES_ERROR;
				GCC_WARN_UNDECLARED_SELECTOR = YES;
				GCC_WARN_UNINITIALIZED_AUTOS = YES_AGGRESSIVE;
				GCC_WARN_UNUSED_FUNCTION = YES;
				GCC_WARN_UNUSED_VARIABLE = YES;
				IPHONEOS_DEPLOYMENT_TARGET = 16.0;
				MTL_ENABLE_DEBUG_INFO = INCLUDE_SOURCE;
				MTL_FAST_MATH = YES;
				ONLY_ACTIVE_ARCH = YES;
				SDKROOT = iphoneos;
				SWIFT_ACTIVE_COMPILATION_CONDITIONS = DEBUG;
				SWIFT_OPTIMIZATION_LEVEL = "-Onone";
			};
			name = Debug;
		};
		82DB5DE62941C144003D5C5E /* Release */ = {
			isa = XCBuildConfiguration;
			buildSettings = {
				ALWAYS_SEARCH_USER_PATHS = NO;
				CLANG_ANALYZER_NONNULL = YES;
				CLANG_ANALYZER_NUMBER_OBJECT_CONVERSION = YES_AGGRESSIVE;
				CLANG_CXX_LANGUAGE_STANDARD = "gnu++20";
				CLANG_ENABLE_MODULES = YES;
				CLANG_ENABLE_OBJC_ARC = YES;
				CLANG_ENABLE_OBJC_WEAK = YES;
				CLANG_WARN_BLOCK_CAPTURE_AUTORELEASING = YES;
				CLANG_WARN_BOOL_CONVERSION = YES;
				CLANG_WARN_COMMA = YES;
				CLANG_WARN_CONSTANT_CONVERSION = YES;
				CLANG_WARN_DEPRECATED_OBJC_IMPLEMENTATIONS = YES;
				CLANG_WARN_DIRECT_OBJC_ISA_USAGE = YES_ERROR;
				CLANG_WARN_DOCUMENTATION_COMMENTS = YES;
				CLANG_WARN_EMPTY_BODY = YES;
				CLANG_WARN_ENUM_CONVERSION = YES;
				CLANG_WARN_INFINITE_RECURSION = YES;
				CLANG_WARN_INT_CONVERSION = YES;
				CLANG_WARN_NON_LITERAL_NULL_CONVERSION = YES;
				CLANG_WARN_OBJC_IMPLICIT_RETAIN_SELF = YES;
				CLANG_WARN_OBJC_LITERAL_CONVERSION = YES;
				CLANG_WARN_OBJC_ROOT_CLASS = YES_ERROR;
				CLANG_WARN_QUOTED_INCLUDE_IN_FRAMEWORK_HEADER = YES;
				CLANG_WARN_RANGE_LOOP_ANALYSIS = YES;
				CLANG_WARN_STRICT_PROTOTYPES = YES;
				CLANG_WARN_SUSPICIOUS_MOVE = YES;
				CLANG_WARN_UNGUARDED_AVAILABILITY = YES_AGGRESSIVE;
				CLANG_WARN_UNREACHABLE_CODE = YES;
				CLANG_WARN__DUPLICATE_METHOD_MATCH = YES;
				COPY_PHASE_STRIP = NO;
				DEBUG_INFORMATION_FORMAT = "dwarf-with-dsym";
				ENABLE_NS_ASSERTIONS = NO;
				ENABLE_STRICT_OBJC_MSGSEND = YES;
				GCC_C_LANGUAGE_STANDARD = gnu11;
				GCC_NO_COMMON_BLOCKS = YES;
				GCC_WARN_64_TO_32_BIT_CONVERSION = YES;
				GCC_WARN_ABOUT_RETURN_TYPE = YES_ERROR;
				GCC_WARN_UNDECLARED_SELECTOR = YES;
				GCC_WARN_UNINITIALIZED_AUTOS = YES_AGGRESSIVE;
				GCC_WARN_UNUSED_FUNCTION = YES;
				GCC_WARN_UNUSED_VARIABLE = YES;
				IPHONEOS_DEPLOYMENT_TARGET = 16.0;
				MTL_ENABLE_DEBUG_INFO = NO;
				MTL_FAST_MATH = YES;
				SDKROOT = iphoneos;
				SWIFT_COMPILATION_MODE = wholemodule;
				SWIFT_OPTIMIZATION_LEVEL = "-O";
				VALIDATE_PRODUCT = YES;
			};
			name = Release;
		};
		82DB5DE82941C144003D5C5E /* Debug */ = {
			isa = XCBuildConfiguration;
			buildSettings = {
				ASSETCATALOG_COMPILER_APPICON_NAME = AppIcon;
				ASSETCATALOG_COMPILER_GLOBAL_ACCENT_COLOR_NAME = AccentColor;
				CODE_SIGN_STYLE = Automatic;
				CURRENT_PROJECT_VERSION = 1;
				DEVELOPMENT_ASSET_PATHS = "\"moveOn/Preview Content\"";
				DEVELOPMENT_TEAM = HH8PZ2X42H;
				ENABLE_PREVIEWS = YES;
				GENERATE_INFOPLIST_FILE = YES;
				INFOPLIST_KEY_UIApplicationSceneManifest_Generation = YES;
				INFOPLIST_KEY_UIApplicationSupportsIndirectInputEvents = YES;
				INFOPLIST_KEY_UILaunchScreen_Generation = YES;
				INFOPLIST_KEY_UISupportedInterfaceOrientations_iPad = "UIInterfaceOrientationPortrait UIInterfaceOrientationPortraitUpsideDown UIInterfaceOrientationLandscapeLeft UIInterfaceOrientationLandscapeRight";
				INFOPLIST_KEY_UISupportedInterfaceOrientations_iPhone = "UIInterfaceOrientationPortrait UIInterfaceOrientationLandscapeLeft UIInterfaceOrientationLandscapeRight";
				LD_RUNPATH_SEARCH_PATHS = (
					"$(inherited)",
					"@executable_path/Frameworks",
				);
				MARKETING_VERSION = 1.0;
				PRODUCT_BUNDLE_IDENTIFIER = com.example.moveOn;
				PRODUCT_NAME = "$(TARGET_NAME)";
				SWIFT_EMIT_LOC_STRINGS = YES;
				SWIFT_VERSION = 5.0;
				TARGETED_DEVICE_FAMILY = "1,2";
			};
			name = Debug;
		};
		82DB5DE92941C144003D5C5E /* Release */ = {
			isa = XCBuildConfiguration;
			buildSettings = {
				ASSETCATALOG_COMPILER_APPICON_NAME = AppIcon;
				ASSETCATALOG_COMPILER_GLOBAL_ACCENT_COLOR_NAME = AccentColor;
				CODE_SIGN_STYLE = Automatic;
				CURRENT_PROJECT_VERSION = 1;
				DEVELOPMENT_ASSET_PATHS = "\"moveOn/Preview Content\"";
				DEVELOPMENT_TEAM = HH8PZ2X42H;
				ENABLE_PREVIEWS = YES;
				GENERATE_INFOPLIST_FILE = YES;
				INFOPLIST_KEY_UIApplicationSceneManifest_Generation = YES;
				INFOPLIST_KEY_UIApplicationSupportsIndirectInputEvents = YES;
				INFOPLIST_KEY_UILaunchScreen_Generation = YES;
				INFOPLIST_KEY_UISupportedInterfaceOrientations_iPad = "UIInterfaceOrientationPortrait UIInterfaceOrientationPortraitUpsideDown UIInterfaceOrientationLandscapeLeft UIInterfaceOrientationLandscapeRight";
				INFOPLIST_KEY_UISupportedInterfaceOrientations_iPhone = "UIInterfaceOrientationPortrait UIInterfaceOrientationLandscapeLeft UIInterfaceOrientationLandscapeRight";
				LD_RUNPATH_SEARCH_PATHS = (
					"$(inherited)",
					"@executable_path/Frameworks",
				);
				MARKETING_VERSION = 1.0;
				PRODUCT_BUNDLE_IDENTIFIER = com.example.moveOn;
				PRODUCT_NAME = "$(TARGET_NAME)";
				SWIFT_EMIT_LOC_STRINGS = YES;
				SWIFT_VERSION = 5.0;
				TARGETED_DEVICE_FAMILY = "1,2";
			};
			name = Release;
		};
/* End XCBuildConfiguration section */

/* Begin XCConfigurationList section */
		82DB5DD42941C143003D5C5E /* Build configuration list for PBXProject "moveOn" */ = {
			isa = XCConfigurationList;
			buildConfigurations = (
				82DB5DE52941C144003D5C5E /* Debug */,
				82DB5DE62941C144003D5C5E /* Release */,
			);
			defaultConfigurationIsVisible = 0;
			defaultConfigurationName = Release;
		};
		82DB5DE72941C144003D5C5E /* Build configuration list for PBXNativeTarget "moveOn" */ = {
			isa = XCConfigurationList;
			buildConfigurations = (
				82DB5DE82941C144003D5C5E /* Debug */,
				82DB5DE92941C144003D5C5E /* Release */,
			);
			defaultConfigurationIsVisible = 0;
			defaultConfigurationName = Release;
		};
/* End XCConfigurationList section */
	};
	rootObject = 82DB5DD12941C143003D5C5E /* Project object */;
}
